
Microsoft Visual Studio Solution File, Format Version 12.00
# Visual Studio 15
VisualStudioVersion = 15.0.28307.572
MinimumVisualStudioVersion = 10.0.40219.1
Project("{FAE04EC0-301F-11D3-BF4B-00C04F79EFBC}") = "testsat_app", "testsat_app\testsat_app.csproj", "{421A255B-DFDC-4668-8D7F-E56A9B50518F}"
EndProject
Global
	GlobalSection(SolutionConfigurationPlatforms) = preSolution
		Debug|Any CPU = Debug|Any CPU
		Release|Any CPU = Release|Any CPU
	EndGlobalSection
	GlobalSection(ProjectConfigurationPlatforms) = postSolution
		{421A255B-DFDC-4668-8D7F-E56A9B50518F}.Debug|Any CPU.ActiveCfg = Debug|Any CPU
		{421A255B-DFDC-4668-8D7F-E56A9B50518F}.Debug|Any CPU.Build.0 = Debug|Any CPU
		{421A255B-DFDC-4668-8D7F-E56A9B50518F}.Release|Any CPU.ActiveCfg = Release|Any CPU
		{421A255B-DFDC-4668-8D7F-E56A9B50518F}.Release|Any CPU.Build.0 = Release|Any CPU
	EndGlobalSection
	GlobalSection(SolutionProperties) = preSolution
		HideSolutionNode = FALSE
	EndGlobalSection
	GlobalSection(ExtensibilityGlobals) = postSolution
		SolutionGuid = {C41504E4-1D8F-4A4E-A013-261941739704}
	EndGlobalSection
EndGlobal
